// !$*UTF8*$!
{
	archiveVersion = 1;
	classes = {
	};
	objectVersion = 50;
	objects = {

/* Begin PBXBuildFile section */
		5EE4402F249CEB3A00708CDE /* ImageService.swift in Sources */ = {isa = PBXBuildFile; fileRef = 5EE4402E249CEB3A00708CDE /* ImageService.swift */; };
		5EE44031249D06B000708CDE /* FeedDupImages.json in Resources */ = {isa = PBXBuildFile; fileRef = 5EE44030249D06B000708CDE /* FeedDupImages.json */; };
		5EE7E1642486E720001094F3 /* AppDelegate.swift in Sources */ = {isa = PBXBuildFile; fileRef = 5EE7E1632486E720001094F3 /* AppDelegate.swift */; };
		5EE7E1662486E720001094F3 /* SceneDelegate.swift in Sources */ = {isa = PBXBuildFile; fileRef = 5EE7E1652486E720001094F3 /* SceneDelegate.swift */; };
		5EE7E16D2486E722001094F3 /* Assets.xcassets in Resources */ = {isa = PBXBuildFile; fileRef = 5EE7E16C2486E722001094F3 /* Assets.xcassets */; };
		5EE7E1702486E722001094F3 /* LaunchScreen.storyboard in Resources */ = {isa = PBXBuildFile; fileRef = 5EE7E16E2486E722001094F3 /* LaunchScreen.storyboard */; };
		5EE7E17B2486E722001094F3 /* eyetunesTests.swift in Sources */ = {isa = PBXBuildFile; fileRef = 5EE7E17A2486E722001094F3 /* eyetunesTests.swift */; };
		5EE7E1A12486E835001094F3 /* Genre.swift in Sources */ = {isa = PBXBuildFile; fileRef = 5EE7E1862486E834001094F3 /* Genre.swift */; };
		5EE7E1A22486E835001094F3 /* Album.swift in Sources */ = {isa = PBXBuildFile; fileRef = 5EE7E1872486E834001094F3 /* Album.swift */; };
		5EE7E1A32486E835001094F3 /* Localizable.strings in Resources */ = {isa = PBXBuildFile; fileRef = 5EE7E1882486E834001094F3 /* Localizable.strings */; };
		5EE7E1A42486E835001094F3 /* AlbumCell.swift in Sources */ = {isa = PBXBuildFile; fileRef = 5EE7E18B2486E834001094F3 /* AlbumCell.swift */; };
		5EE7E1A52486E835001094F3 /* DetailViewController.swift in Sources */ = {isa = PBXBuildFile; fileRef = 5EE7E18D2486E834001094F3 /* DetailViewController.swift */; };
		5EE7E1A62486E835001094F3 /* MasterViewController.swift in Sources */ = {isa = PBXBuildFile; fileRef = 5EE7E18E2486E834001094F3 /* MasterViewController.swift */; };
		5EE7E1A72486E835001094F3 /* Result.swift in Sources */ = {isa = PBXBuildFile; fileRef = 5EE7E1912486E834001094F3 /* Result.swift */; };
		5EE7E1A82486E835001094F3 /* ErrorResult.swift in Sources */ = {isa = PBXBuildFile; fileRef = 5EE7E1922486E834001094F3 /* ErrorResult.swift */; };
		5EE7E1A92486E835001094F3 /* AlbumService.swift in Sources */ = {isa = PBXBuildFile; fileRef = 5EE7E1932486E834001094F3 /* AlbumService.swift */; };
		5EE7E1AA2486E835001094F3 /* AlbumParser.swift in Sources */ = {isa = PBXBuildFile; fileRef = 5EE7E1952486E834001094F3 /* AlbumParser.swift */; };
		5EE7E1AB2486E835001094F3 /* README.md in Resources */ = {isa = PBXBuildFile; fileRef = 5EE7E1962486E834001094F3 /* README.md */; };
		5EE7E1AC2486E835001094F3 /* Strings.swift in Sources */ = {isa = PBXBuildFile; fileRef = 5EE7E1982486E835001094F3 /* Strings.swift */; };
		5EE7E1AD2486E835001094F3 /* UIFont+Extension.swift in Sources */ = {isa = PBXBuildFile; fileRef = 5EE7E1992486E835001094F3 /* UIFont+Extension.swift */; };
		5EE7E1AE2486E835001094F3 /* AlbumViewModel.swift in Sources */ = {isa = PBXBuildFile; fileRef = 5EE7E19B2486E835001094F3 /* AlbumViewModel.swift */; };
		5EE7E1AF2486E835001094F3 /* AlbumsViewModel.swift in Sources */ = {isa = PBXBuildFile; fileRef = 5EE7E19C2486E835001094F3 /* AlbumsViewModel.swift */; };
		5EE7E1B02486E835001094F3 /* Master.png in Resources */ = {isa = PBXBuildFile; fileRef = 5EE7E19E2486E835001094F3 /* Master.png */; };
		5EE7E1B12486E835001094F3 /* Detail.png in Resources */ = {isa = PBXBuildFile; fileRef = 5EE7E19F2486E835001094F3 /* Detail.png */; };
		5EE7E1B22486E835001094F3 /* Feed.json in Resources */ = {isa = PBXBuildFile; fileRef = 5EE7E1A02486E835001094F3 /* Feed.json */; };
		5EE7E1B72487C89A001094F3 /* AlbumServiceTests.swift in Sources */ = {isa = PBXBuildFile; fileRef = 5EE7E1B32487C89A001094F3 /* AlbumServiceTests.swift */; };
		5EE7E1B82487C89A001094F3 /* AlbumsViewModelTests.swift in Sources */ = {isa = PBXBuildFile; fileRef = 5EE7E1B42487C89A001094F3 /* AlbumsViewModelTests.swift */; };
		5EE7E1B92487C89A001094F3 /* albumTests.swift in Sources */ = {isa = PBXBuildFile; fileRef = 5EE7E1B52487C89A001094F3 /* albumTests.swift */; };
		5EE7E1BA2487C89A001094F3 /* albumParserTests.swift in Sources */ = {isa = PBXBuildFile; fileRef = 5EE7E1B62487C89A001094F3 /* albumParserTests.swift */; };
/* End PBXBuildFile section */

/* Begin PBXContainerItemProxy section */
		5EE7E1772486E722001094F3 /* PBXContainerItemProxy */ = {
			isa = PBXContainerItemProxy;
			containerPortal = 5EE7E1582486E720001094F3 /* Project object */;
			proxyType = 1;
			remoteGlobalIDString = 5EE7E15F2486E720001094F3;
			remoteInfo = eyetunes;
		};
/* End PBXContainerItemProxy section */

/* Begin PBXFileReference section */
		5EE4402E249CEB3A00708CDE /* ImageService.swift */ = {isa = PBXFileReference; lastKnownFileType = sourcecode.swift; path = ImageService.swift; sourceTree = "<group>"; };
		5EE44030249D06B000708CDE /* FeedDupImages.json */ = {isa = PBXFileReference; fileEncoding = 4; lastKnownFileType = text.json; path = FeedDupImages.json; sourceTree = "<group>"; };
		5EE7E1602486E720001094F3 /* Eye Tunes.app */ = {isa = PBXFileReference; explicitFileType = wrapper.application; includeInIndex = 0; path = "Eye Tunes.app"; sourceTree = BUILT_PRODUCTS_DIR; };
		5EE7E1632486E720001094F3 /* AppDelegate.swift */ = {isa = PBXFileReference; lastKnownFileType = sourcecode.swift; path = AppDelegate.swift; sourceTree = "<group>"; };
		5EE7E1652486E720001094F3 /* SceneDelegate.swift */ = {isa = PBXFileReference; lastKnownFileType = sourcecode.swift; path = SceneDelegate.swift; sourceTree = "<group>"; };
		5EE7E16C2486E722001094F3 /* Assets.xcassets */ = {isa = PBXFileReference; lastKnownFileType = folder.assetcatalog; path = Assets.xcassets; sourceTree = "<group>"; };
		5EE7E16F2486E722001094F3 /* Base */ = {isa = PBXFileReference; lastKnownFileType = file.storyboard; name = Base; path = Base.lproj/LaunchScreen.storyboard; sourceTree = "<group>"; };
		5EE7E1712486E722001094F3 /* Info.plist */ = {isa = PBXFileReference; lastKnownFileType = text.plist.xml; path = Info.plist; sourceTree = "<group>"; };
		5EE7E1762486E722001094F3 /* eyetunesTests.xctest */ = {isa = PBXFileReference; explicitFileType = wrapper.cfbundle; includeInIndex = 0; path = eyetunesTests.xctest; sourceTree = BUILT_PRODUCTS_DIR; };
		5EE7E17A2486E722001094F3 /* eyetunesTests.swift */ = {isa = PBXFileReference; lastKnownFileType = sourcecode.swift; path = eyetunesTests.swift; sourceTree = "<group>"; };
		5EE7E17C2486E722001094F3 /* Info.plist */ = {isa = PBXFileReference; lastKnownFileType = text.plist.xml; path = Info.plist; sourceTree = "<group>"; };
		5EE7E1862486E834001094F3 /* Genre.swift */ = {isa = PBXFileReference; fileEncoding = 4; lastKnownFileType = sourcecode.swift; path = Genre.swift; sourceTree = "<group>"; };
		5EE7E1872486E834001094F3 /* Album.swift */ = {isa = PBXFileReference; fileEncoding = 4; lastKnownFileType = sourcecode.swift; path = Album.swift; sourceTree = "<group>"; };
		5EE7E1882486E834001094F3 /* Localizable.strings */ = {isa = PBXFileReference; fileEncoding = 4; lastKnownFileType = text.plist.strings; path = Localizable.strings; sourceTree = "<group>"; };
		5EE7E18B2486E834001094F3 /* AlbumCell.swift */ = {isa = PBXFileReference; fileEncoding = 4; lastKnownFileType = sourcecode.swift; path = AlbumCell.swift; sourceTree = "<group>"; };
		5EE7E18D2486E834001094F3 /* DetailViewController.swift */ = {isa = PBXFileReference; fileEncoding = 4; lastKnownFileType = sourcecode.swift; path = DetailViewController.swift; sourceTree = "<group>"; };
		5EE7E18E2486E834001094F3 /* MasterViewController.swift */ = {isa = PBXFileReference; fileEncoding = 4; lastKnownFileType = sourcecode.swift; path = MasterViewController.swift; sourceTree = "<group>"; };
		5EE7E1912486E834001094F3 /* Result.swift */ = {isa = PBXFileReference; fileEncoding = 4; lastKnownFileType = sourcecode.swift; path = Result.swift; sourceTree = "<group>"; };
		5EE7E1922486E834001094F3 /* ErrorResult.swift */ = {isa = PBXFileReference; fileEncoding = 4; lastKnownFileType = sourcecode.swift; path = ErrorResult.swift; sourceTree = "<group>"; };
		5EE7E1932486E834001094F3 /* AlbumService.swift */ = {isa = PBXFileReference; fileEncoding = 4; lastKnownFileType = sourcecode.swift; path = AlbumService.swift; sourceTree = "<group>"; };
		5EE7E1952486E834001094F3 /* AlbumParser.swift */ = {isa = PBXFileReference; fileEncoding = 4; lastKnownFileType = sourcecode.swift; path = AlbumParser.swift; sourceTree = "<group>"; };
		5EE7E1962486E834001094F3 /* README.md */ = {isa = PBXFileReference; fileEncoding = 4; lastKnownFileType = net.daringfireball.markdown; path = README.md; sourceTree = "<group>"; };
		5EE7E1982486E835001094F3 /* Strings.swift */ = {isa = PBXFileReference; fileEncoding = 4; lastKnownFileType = sourcecode.swift; path = Strings.swift; sourceTree = "<group>"; };
		5EE7E1992486E835001094F3 /* UIFont+Extension.swift */ = {isa = PBXFileReference; fileEncoding = 4; lastKnownFileType = sourcecode.swift; path = "UIFont+Extension.swift"; sourceTree = "<group>"; };
		5EE7E19B2486E835001094F3 /* AlbumViewModel.swift */ = {isa = PBXFileReference; fileEncoding = 4; lastKnownFileType = sourcecode.swift; path = AlbumViewModel.swift; sourceTree = "<group>"; };
		5EE7E19C2486E835001094F3 /* AlbumsViewModel.swift */ = {isa = PBXFileReference; fileEncoding = 4; lastKnownFileType = sourcecode.swift; path = AlbumsViewModel.swift; sourceTree = "<group>"; };
		5EE7E19E2486E835001094F3 /* Master.png */ = {isa = PBXFileReference; lastKnownFileType = image.png; path = Master.png; sourceTree = "<group>"; };
		5EE7E19F2486E835001094F3 /* Detail.png */ = {isa = PBXFileReference; lastKnownFileType = image.png; path = Detail.png; sourceTree = "<group>"; };
		5EE7E1A02486E835001094F3 /* Feed.json */ = {isa = PBXFileReference; fileEncoding = 4; lastKnownFileType = text.json; path = Feed.json; sourceTree = "<group>"; };
		5EE7E1B32487C89A001094F3 /* AlbumServiceTests.swift */ = {isa = PBXFileReference; fileEncoding = 4; lastKnownFileType = sourcecode.swift; path = AlbumServiceTests.swift; sourceTree = "<group>"; };
		5EE7E1B42487C89A001094F3 /* AlbumsViewModelTests.swift */ = {isa = PBXFileReference; fileEncoding = 4; lastKnownFileType = sourcecode.swift; path = AlbumsViewModelTests.swift; sourceTree = "<group>"; };
		5EE7E1B52487C89A001094F3 /* albumTests.swift */ = {isa = PBXFileReference; fileEncoding = 4; lastKnownFileType = sourcecode.swift; path = albumTests.swift; sourceTree = "<group>"; };
		5EE7E1B62487C89A001094F3 /* albumParserTests.swift */ = {isa = PBXFileReference; fileEncoding = 4; lastKnownFileType = sourcecode.swift; path = albumParserTests.swift; sourceTree = "<group>"; };
/* End PBXFileReference section */

/* Begin PBXFrameworksBuildPhase section */
		5EE7E15D2486E720001094F3 /* Frameworks */ = {
			isa = PBXFrameworksBuildPhase;
			buildActionMask = 2147483647;
			files = (
			);
			runOnlyForDeploymentPostprocessing = 0;
		};
		5EE7E1732486E722001094F3 /* Frameworks */ = {
			isa = PBXFrameworksBuildPhase;
			buildActionMask = 2147483647;
			files = (
			);
			runOnlyForDeploymentPostprocessing = 0;
		};
/* End PBXFrameworksBuildPhase section */

/* Begin PBXGroup section */
		5EE7E1572486E720001094F3 = {
			isa = PBXGroup;
			children = (
				5EE7E1962486E834001094F3 /* README.md */,
				5EE7E1622486E720001094F3 /* eyetunes */,
				5EE7E1792486E722001094F3 /* eyetunesTests */,
				5EE7E1612486E720001094F3 /* Products */,
			);
			sourceTree = "<group>";
		};
		5EE7E1612486E720001094F3 /* Products */ = {
			isa = PBXGroup;
			children = (
				5EE7E1602486E720001094F3 /* Eye Tunes.app */,
				5EE7E1762486E722001094F3 /* eyetunesTests.xctest */,
			);
			name = Products;
			sourceTree = "<group>";
		};
		5EE7E1622486E720001094F3 /* eyetunes */ = {
			isa = PBXGroup;
			children = (
				5EE7E1632486E720001094F3 /* AppDelegate.swift */,
				5EE7E1652486E720001094F3 /* SceneDelegate.swift */,
				5EE7E1852486E834001094F3 /* Model */,
				5EE7E19A2486E835001094F3 /* View Model */,
				5EE7E1892486E834001094F3 /* UI */,
				5EE7E18F2486E834001094F3 /* Service */,
				5EE7E19D2486E835001094F3 /* Resources */,
				5EE7E1972486E835001094F3 /* Utilities */,
				5EE7E16C2486E722001094F3 /* Assets.xcassets */,
				5EE7E1882486E834001094F3 /* Localizable.strings */,
				5EE7E16E2486E722001094F3 /* LaunchScreen.storyboard */,
				5EE7E1712486E722001094F3 /* Info.plist */,
			);
			path = eyetunes;
			sourceTree = "<group>";
		};
		5EE7E1792486E722001094F3 /* eyetunesTests */ = {
			isa = PBXGroup;
			children = (
				5EE7E17A2486E722001094F3 /* eyetunesTests.swift */,
				5EE7E1B62487C89A001094F3 /* albumParserTests.swift */,
				5EE7E1B32487C89A001094F3 /* AlbumServiceTests.swift */,
				5EE7E1B42487C89A001094F3 /* AlbumsViewModelTests.swift */,
				5EE7E1B52487C89A001094F3 /* albumTests.swift */,
				5EE7E17C2486E722001094F3 /* Info.plist */,
			);
			path = eyetunesTests;
			sourceTree = "<group>";
		};
		5EE7E1852486E834001094F3 /* Model */ = {
			isa = PBXGroup;
			children = (
				5EE7E1872486E834001094F3 /* Album.swift */,
				5EE7E1862486E834001094F3 /* Genre.swift */,
			);
			path = Model;
			sourceTree = "<group>";
		};
		5EE7E1892486E834001094F3 /* UI */ = {
			isa = PBXGroup;
			children = (
				5EE7E18C2486E834001094F3 /* View */,
				5EE7E18A2486E834001094F3 /* Cell */,
			);
			path = UI;
			sourceTree = "<group>";
		};
		5EE7E18A2486E834001094F3 /* Cell */ = {
			isa = PBXGroup;
			children = (
				5EE7E18B2486E834001094F3 /* AlbumCell.swift */,
			);
			path = Cell;
			sourceTree = "<group>";
		};
		5EE7E18C2486E834001094F3 /* View */ = {
			isa = PBXGroup;
			children = (
				5EE7E18E2486E834001094F3 /* MasterViewController.swift */,
				5EE7E18D2486E834001094F3 /* DetailViewController.swift */,
			);
			path = View;
			sourceTree = "<group>";
		};
		5EE7E18F2486E834001094F3 /* Service */ = {
			isa = PBXGroup;
			children = (
				5EE7E1932486E834001094F3 /* AlbumService.swift */,
				5EE4402E249CEB3A00708CDE /* ImageService.swift */,
				5EE7E1942486E834001094F3 /* Parser */,
				5EE7E1902486E834001094F3 /* Result */,
			);
			path = Service;
			sourceTree = "<group>";
		};
		5EE7E1902486E834001094F3 /* Result */ = {
			isa = PBXGroup;
			children = (
				5EE7E1912486E834001094F3 /* Result.swift */,
				5EE7E1922486E834001094F3 /* ErrorResult.swift */,
			);
			path = Result;
			sourceTree = "<group>";
		};
		5EE7E1942486E834001094F3 /* Parser */ = {
			isa = PBXGroup;
			children = (
				5EE7E1952486E834001094F3 /* AlbumParser.swift */,
			);
			path = Parser;
			sourceTree = "<group>";
		};
		5EE7E1972486E835001094F3 /* Utilities */ = {
			isa = PBXGroup;
			children = (
				5EE7E1992486E835001094F3 /* UIFont+Extension.swift */,
				5EE7E1982486E835001094F3 /* Strings.swift */,
			);
			path = Utilities;
			sourceTree = "<group>";
		};
		5EE7E19A2486E835001094F3 /* View Model */ = {
			isa = PBXGroup;
			children = (
				5EE7E19C2486E835001094F3 /* AlbumsViewModel.swift */,
				5EE7E19B2486E835001094F3 /* AlbumViewModel.swift */,
			);
			path = "View Model";
			sourceTree = "<group>";
		};
		5EE7E19D2486E835001094F3 /* Resources */ = {
			isa = PBXGroup;
			children = (
				5EE7E1A02486E835001094F3 /* Feed.json */,
				5EE44030249D06B000708CDE /* FeedDupImages.json */,
				5EE7E19E2486E835001094F3 /* Master.png */,
				5EE7E19F2486E835001094F3 /* Detail.png */,
			);
			path = Resources;
			sourceTree = "<group>";
		};
/* End PBXGroup section */

/* Begin PBXNativeTarget section */
		5EE7E15F2486E720001094F3 /* eyetunes */ = {
			isa = PBXNativeTarget;
			buildConfigurationList = 5EE7E17F2486E722001094F3 /* Build configuration list for PBXNativeTarget "eyetunes" */;
			buildPhases = (
				5EE7E15C2486E720001094F3 /* Sources */,
				5EE7E15D2486E720001094F3 /* Frameworks */,
				5EE7E15E2486E720001094F3 /* Resources */,
			);
			buildRules = (
			);
			dependencies = (
			);
			name = eyetunes;
			productName = eyetunes;
			productReference = 5EE7E1602486E720001094F3 /* Eye Tunes.app */;
			productType = "com.apple.product-type.application";
		};
		5EE7E1752486E722001094F3 /* eyetunesTests */ = {
			isa = PBXNativeTarget;
			buildConfigurationList = 5EE7E1822486E722001094F3 /* Build configuration list for PBXNativeTarget "eyetunesTests" */;
			buildPhases = (
				5EE7E1722486E722001094F3 /* Sources */,
				5EE7E1732486E722001094F3 /* Frameworks */,
				5EE7E1742486E722001094F3 /* Resources */,
			);
			buildRules = (
			);
			dependencies = (
				5EE7E1782486E722001094F3 /* PBXTargetDependency */,
			);
			name = eyetunesTests;
			productName = eyetunesTests;
			productReference = 5EE7E1762486E722001094F3 /* eyetunesTests.xctest */;
			productType = "com.apple.product-type.bundle.unit-test";
		};
/* End PBXNativeTarget section */

/* Begin PBXProject section */
		5EE7E1582486E720001094F3 /* Project object */ = {
			isa = PBXProject;
			attributes = {
				LastSwiftUpdateCheck = 1140;
				LastUpgradeCheck = 1140;
				ORGANIZATIONNAME = "Steven Spry";
				TargetAttributes = {
					5EE7E15F2486E720001094F3 = {
						CreatedOnToolsVersion = 11.4.1;
					};
					5EE7E1752486E722001094F3 = {
						CreatedOnToolsVersion = 11.4.1;
						TestTargetID = 5EE7E15F2486E720001094F3;
					};
				};
			};
			buildConfigurationList = 5EE7E15B2486E720001094F3 /* Build configuration list for PBXProject "eyetunes" */;
			compatibilityVersion = "Xcode 9.3";
			developmentRegion = en;
			hasScannedForEncodings = 0;
			knownRegions = (
				en,
				Base,
			);
			mainGroup = 5EE7E1572486E720001094F3;
			productRefGroup = 5EE7E1612486E720001094F3 /* Products */;
			projectDirPath = "";
			projectRoot = "";
			targets = (
				5EE7E15F2486E720001094F3 /* eyetunes */,
				5EE7E1752486E722001094F3 /* eyetunesTests */,
			);
		};
/* End PBXProject section */

/* Begin PBXResourcesBuildPhase section */
		5EE7E15E2486E720001094F3 /* Resources */ = {
			isa = PBXResourcesBuildPhase;
			buildActionMask = 2147483647;
			files = (
				5EE7E1702486E722001094F3 /* LaunchScreen.storyboard in Resources */,
				5EE7E1A32486E835001094F3 /* Localizable.strings in Resources */,
				5EE7E1B12486E835001094F3 /* Detail.png in Resources */,
				5EE7E1AB2486E835001094F3 /* README.md in Resources */,
				5EE7E16D2486E722001094F3 /* Assets.xcassets in Resources */,
				5EE44031249D06B000708CDE /* FeedDupImages.json in Resources */,
				5EE7E1B22486E835001094F3 /* Feed.json in Resources */,
				5EE7E1B02486E835001094F3 /* Master.png in Resources */,
			);
			runOnlyForDeploymentPostprocessing = 0;
		};
		5EE7E1742486E722001094F3 /* Resources */ = {
			isa = PBXResourcesBuildPhase;
			buildActionMask = 2147483647;
			files = (
			);
			runOnlyForDeploymentPostprocessing = 0;
		};
/* End PBXResourcesBuildPhase section */

/* Begin PBXSourcesBuildPhase section */
		5EE7E15C2486E720001094F3 /* Sources */ = {
			isa = PBXSourcesBuildPhase;
			buildActionMask = 2147483647;
			files = (
				5EE7E1AF2486E835001094F3 /* AlbumsViewModel.swift in Sources */,
				5EE4402F249CEB3A00708CDE /* ImageService.swift in Sources */,
				5EE7E1AD2486E835001094F3 /* UIFont+Extension.swift in Sources */,
				5EE7E1A72486E835001094F3 /* Result.swift in Sources */,
				5EE7E1A82486E835001094F3 /* ErrorResult.swift in Sources */,
				5EE7E1AE2486E835001094F3 /* AlbumViewModel.swift in Sources */,
				5EE7E1A62486E835001094F3 /* MasterViewController.swift in Sources */,
				5EE7E1A92486E835001094F3 /* AlbumService.swift in Sources */,
				5EE7E1642486E720001094F3 /* AppDelegate.swift in Sources */,
				5EE7E1662486E720001094F3 /* SceneDelegate.swift in Sources */,
				5EE7E1AC2486E835001094F3 /* Strings.swift in Sources */,
				5EE7E1A12486E835001094F3 /* Genre.swift in Sources */,
				5EE7E1A22486E835001094F3 /* Album.swift in Sources */,
				5EE7E1A42486E835001094F3 /* AlbumCell.swift in Sources */,
				5EE7E1AA2486E835001094F3 /* AlbumParser.swift in Sources */,
				5EE7E1A52486E835001094F3 /* DetailViewController.swift in Sources */,
			);
			runOnlyForDeploymentPostprocessing = 0;
		};
		5EE7E1722486E722001094F3 /* Sources */ = {
			isa = PBXSourcesBuildPhase;
			buildActionMask = 2147483647;
			files = (
				5EE7E1BA2487C89A001094F3 /* albumParserTests.swift in Sources */,
				5EE7E17B2486E722001094F3 /* eyetunesTests.swift in Sources */,
				5EE7E1B82487C89A001094F3 /* AlbumsViewModelTests.swift in Sources */,
				5EE7E1B72487C89A001094F3 /* AlbumServiceTests.swift in Sources */,
				5EE7E1B92487C89A001094F3 /* albumTests.swift in Sources */,
			);
			runOnlyForDeploymentPostprocessing = 0;
		};
/* End PBXSourcesBuildPhase section */

/* Begin PBXTargetDependency section */
		5EE7E1782486E722001094F3 /* PBXTargetDependency */ = {
			isa = PBXTargetDependency;
			target = 5EE7E15F2486E720001094F3 /* eyetunes */;
			targetProxy = 5EE7E1772486E722001094F3 /* PBXContainerItemProxy */;
		};
/* End PBXTargetDependency section */

/* Begin PBXVariantGroup section */
		5EE7E16E2486E722001094F3 /* LaunchScreen.storyboard */ = {
			isa = PBXVariantGroup;
			children = (
				5EE7E16F2486E722001094F3 /* Base */,
			);
			name = LaunchScreen.storyboard;
			sourceTree = "<group>";
		};
/* End PBXVariantGroup section */

/* Begin XCBuildConfiguration section */
		5EE7E17D2486E722001094F3 /* Debug */ = {
			isa = XCBuildConfiguration;
			buildSettings = {
				ALWAYS_SEARCH_USER_PATHS = NO;
				CLANG_ANALYZER_NONNULL = YES;
				CLANG_ANALYZER_NUMBER_OBJECT_CONVERSION = YES_AGGRESSIVE;
				CLANG_CXX_LANGUAGE_STANDARD = "gnu++14";
				CLANG_CXX_LIBRARY = "libc++";
				CLANG_ENABLE_MODULES = YES;
				CLANG_ENABLE_OBJC_ARC = YES;
				CLANG_ENABLE_OBJC_WEAK = YES;
				CLANG_WARN_BLOCK_CAPTURE_AUTORELEASING = YES;
				CLANG_WARN_BOOL_CONVERSION = YES;
				CLANG_WARN_COMMA = YES;
				CLANG_WARN_CONSTANT_CONVERSION = YES;
				CLANG_WARN_DEPRECATED_OBJC_IMPLEMENTATIONS = YES;
				CLANG_WARN_DIRECT_OBJC_ISA_USAGE = YES_ERROR;
				CLANG_WARN_DOCUMENTATION_COMMENTS = YES;
				CLANG_WARN_EMPTY_BODY = YES;
				CLANG_WARN_ENUM_CONVERSION = YES;
				CLANG_WARN_INFINITE_RECURSION = YES;
				CLANG_WARN_INT_CONVERSION = YES;
				CLANG_WARN_NON_LITERAL_NULL_CONVERSION = YES;
				CLANG_WARN_OBJC_IMPLICIT_RETAIN_SELF = YES;
				CLANG_WARN_OBJC_LITERAL_CONVERSION = YES;
				CLANG_WARN_OBJC_ROOT_CLASS = YES_ERROR;
				CLANG_WARN_RANGE_LOOP_ANALYSIS = YES;
				CLANG_WARN_STRICT_PROTOTYPES = YES;
				CLANG_WARN_SUSPICIOUS_MOVE = YES;
				CLANG_WARN_UNGUARDED_AVAILABILITY = YES_AGGRESSIVE;
				CLANG_WARN_UNREACHABLE_CODE = YES;
				CLANG_WARN__DUPLICATE_METHOD_MATCH = YES;
				COPY_PHASE_STRIP = NO;
				DEBUG_INFORMATION_FORMAT = dwarf;
				ENABLE_STRICT_OBJC_MSGSEND = YES;
				ENABLE_TESTABILITY = YES;
				GCC_C_LANGUAGE_STANDARD = gnu11;
				GCC_DYNAMIC_NO_PIC = NO;
				GCC_NO_COMMON_BLOCKS = YES;
				GCC_OPTIMIZATION_LEVEL = 0;
				GCC_PREPROCESSOR_DEFINITIONS = (
					"DEBUG=1",
					"$(inherited)",
				);
				GCC_WARN_64_TO_32_BIT_CONVERSION = YES;
				GCC_WARN_ABOUT_RETURN_TYPE = YES_ERROR;
				GCC_WARN_UNDECLARED_SELECTOR = YES;
				GCC_WARN_UNINITIALIZED_AUTOS = YES_AGGRESSIVE;
				GCC_WARN_UNUSED_FUNCTION = YES;
				GCC_WARN_UNUSED_VARIABLE = YES;
				IPHONEOS_DEPLOYMENT_TARGET = 13.4;
				MTL_ENABLE_DEBUG_INFO = INCLUDE_SOURCE;
				MTL_FAST_MATH = YES;
				ONLY_ACTIVE_ARCH = YES;
				SDKROOT = iphoneos;
				SWIFT_ACTIVE_COMPILATION_CONDITIONS = DEBUG;
				SWIFT_OPTIMIZATION_LEVEL = "-Onone";
			};
			name = Debug;
		};
		5EE7E17E2486E722001094F3 /* Release */ = {
			isa = XCBuildConfiguration;
			buildSettings = {
				ALWAYS_SEARCH_USER_PATHS = NO;
				CLANG_ANALYZER_NONNULL = YES;
				CLANG_ANALYZER_NUMBER_OBJECT_CONVERSION = YES_AGGRESSIVE;
				CLANG_CXX_LANGUAGE_STANDARD = "gnu++14";
				CLANG_CXX_LIBRARY = "libc++";
				CLANG_ENABLE_MODULES = YES;
				CLANG_ENABLE_OBJC_ARC = YES;
				CLANG_ENABLE_OBJC_WEAK = YES;
				CLANG_WARN_BLOCK_CAPTURE_AUTORELEASING = YES;
				CLANG_WARN_BOOL_CONVERSION = YES;
				CLANG_WARN_COMMA = YES;
				CLANG_WARN_CONSTANT_CONVERSION = YES;
				CLANG_WARN_DEPRECATED_OBJC_IMPLEMENTATIONS = YES;
				CLANG_WARN_DIRECT_OBJC_ISA_USAGE = YES_ERROR;
				CLANG_WARN_DOCUMENTATION_COMMENTS = YES;
				CLANG_WARN_EMPTY_BODY = YES;
				CLANG_WARN_ENUM_CONVERSION = YES;
				CLANG_WARN_INFINITE_RECURSION = YES;
				CLANG_WARN_INT_CONVERSION = YES;
				CLANG_WARN_NON_LITERAL_NULL_CONVERSION = YES;
				CLANG_WARN_OBJC_IMPLICIT_RETAIN_SELF = YES;
				CLANG_WARN_OBJC_LITERAL_CONVERSION = YES;
				CLANG_WARN_OBJC_ROOT_CLASS = YES_ERROR;
				CLANG_WARN_RANGE_LOOP_ANALYSIS = YES;
				CLANG_WARN_STRICT_PROTOTYPES = YES;
				CLANG_WARN_SUSPICIOUS_MOVE = YES;
				CLANG_WARN_UNGUARDED_AVAILABILITY = YES_AGGRESSIVE;
				CLANG_WARN_UNREACHABLE_CODE = YES;
				CLANG_WARN__DUPLICATE_METHOD_MATCH = YES;
				COPY_PHASE_STRIP = NO;
				DEBUG_INFORMATION_FORMAT = "dwarf-with-dsym";
				ENABLE_NS_ASSERTIONS = NO;
				ENABLE_STRICT_OBJC_MSGSEND = YES;
				GCC_C_LANGUAGE_STANDARD = gnu11;
				GCC_NO_COMMON_BLOCKS = YES;
				GCC_WARN_64_TO_32_BIT_CONVERSION = YES;
				GCC_WARN_ABOUT_RETURN_TYPE = YES_ERROR;
				GCC_WARN_UNDECLARED_SELECTOR = YES;
				GCC_WARN_UNINITIALIZED_AUTOS = YES_AGGRESSIVE;
				GCC_WARN_UNUSED_FUNCTION = YES;
				GCC_WARN_UNUSED_VARIABLE = YES;
				IPHONEOS_DEPLOYMENT_TARGET = 13.4;
				MTL_ENABLE_DEBUG_INFO = NO;
				MTL_FAST_MATH = YES;
				SDKROOT = iphoneos;
				SWIFT_COMPILATION_MODE = wholemodule;
				SWIFT_OPTIMIZATION_LEVEL = "-O";
				VALIDATE_PRODUCT = YES;
			};
			name = Release;
		};
		5EE7E1802486E722001094F3 /* Debug */ = {
			isa = XCBuildConfiguration;
			buildSettings = {
				ASSETCATALOG_COMPILER_APPICON_NAME = AppIcon;
				CODE_SIGN_STYLE = Automatic;
				DEVELOPMENT_TEAM = FGQ72W8U63;
				INFOPLIST_FILE = eyetunes/Info.plist;
				LD_RUNPATH_SEARCH_PATHS = (
					"$(inherited)",
					"@executable_path/Frameworks",
				);
				PRODUCT_BUNDLE_IDENTIFIER = O;
				PRODUCT_NAME = "Eye Tunes";
				SWIFT_VERSION = 5.0;
				TARGETED_DEVICE_FAMILY = 1;
			};
			name = Debug;
		};
		5EE7E1812486E722001094F3 /* Release */ = {
			isa = XCBuildConfiguration;
			buildSettings = {
				ASSETCATALOG_COMPILER_APPICON_NAME = AppIcon;
				CODE_SIGN_STYLE = Automatic;
				DEVELOPMENT_TEAM = FGQ72W8U63;
				INFOPLIST_FILE = eyetunes/Info.plist;
				LD_RUNPATH_SEARCH_PATHS = (
					"$(inherited)",
					"@executable_path/Frameworks",
				);
				PRODUCT_BUNDLE_IDENTIFIER = O;
				PRODUCT_NAME = "Eye Tunes";
				SWIFT_VERSION = 5.0;
				TARGETED_DEVICE_FAMILY = 1;
			};
			name = Release;
		};
		5EE7E1832486E722001094F3 /* Debug */ = {
			isa = XCBuildConfiguration;
			buildSettings = {
				ALWAYS_EMBED_SWIFT_STANDARD_LIBRARIES = YES;
				BUNDLE_LOADER = "$(TEST_HOST)";
				CODE_SIGN_STYLE = Automatic;
				DEVELOPMENT_TEAM = FGQ72W8U63;
				INFOPLIST_FILE = eyetunesTests/Info.plist;
				IPHONEOS_DEPLOYMENT_TARGET = 13.4;
				LD_RUNPATH_SEARCH_PATHS = (
					"$(inherited)",
					"@executable_path/Frameworks",
					"@loader_path/Frameworks",
				);
				PRODUCT_BUNDLE_IDENTIFIER = com.spry.eyetunesTests;
				PRODUCT_NAME = "$(TARGET_NAME)";
				SWIFT_VERSION = 5.0;
				TARGETED_DEVICE_FAMILY = "1,2";
				TEST_HOST = "$(BUILT_PRODUCTS_DIR)/Eye Tunes.app/Eye Tunes";
			};
			name = Debug;
		};
		5EE7E1842486E722001094F3 /* Release */ = {
			isa = XCBuildConfiguration;
			buildSettings = {
				ALWAYS_EMBED_SWIFT_STANDARD_LIBRARIES = YES;
				BUNDLE_LOADER = "$(TEST_HOST)";
				CODE_SIGN_STYLE = Automatic;
				DEVELOPMENT_TEAM = FGQ72W8U63;
				INFOPLIST_FILE = eyetunesTests/Info.plist;
				IPHONEOS_DEPLOYMENT_TARGET = 13.4;
				LD_RUNPATH_SEARCH_PATHS = (
					"$(inherited)",
					"@executable_path/Frameworks",
					"@loader_path/Frameworks",
				);
				PRODUCT_BUNDLE_IDENTIFIER = com.spry.eyetunesTests;
				PRODUCT_NAME = "$(TARGET_NAME)";
				SWIFT_VERSION = 5.0;
				TARGETED_DEVICE_FAMILY = "1,2";
				TEST_HOST = "$(BUILT_PRODUCTS_DIR)/Eye Tunes.app/Eye Tunes";
			};
			name = Release;
		};
/* End XCBuildConfiguration section */

/* Begin XCConfigurationList section */
		5EE7E15B2486E720001094F3 /* Build configuration list for PBXProject "eyetunes" */ = {
			isa = XCConfigurationList;
			buildConfigurations = (
				5EE7E17D2486E722001094F3 /* Debug */,
				5EE7E17E2486E722001094F3 /* Release */,
			);
			defaultConfigurationIsVisible = 0;
			defaultConfigurationName = Release;
		};
		5EE7E17F2486E722001094F3 /* Build configuration list for PBXNativeTarget "eyetunes" */ = {
			isa = XCConfigurationList;
			buildConfigurations = (
				5EE7E1802486E722001094F3 /* Debug */,
				5EE7E1812486E722001094F3 /* Release */,
			);
			defaultConfigurationIsVisible = 0;
			defaultConfigurationName = Release;
		};
		5EE7E1822486E722001094F3 /* Build configuration list for PBXNativeTarget "eyetunesTests" */ = {
			isa = XCConfigurationList;
			buildConfigurations = (
				5EE7E1832486E722001094F3 /* Debug */,
				5EE7E1842486E722001094F3 /* Release */,
			);
			defaultConfigurationIsVisible = 0;
			defaultConfigurationName = Release;
		};
/* End XCConfigurationList section */
	};
	rootObject = 5EE7E1582486E720001094F3 /* Project object */;
}
